
Microsoft Visual Studio Solution File, Format Version 12.00
# Visual Studio Version 17
VisualStudioVersion = 17.3.32901.215
MinimumVisualStudioVersion = 10.0.40219.1
Project("{FAE04EC0-301F-11D3-BF4B-00C04F79EFBC}") = "Simple-Webapp", "Simple-Webapp\Simple-Webapp.csproj", "{5B374FB0-CB81-46B1-AF25-75AAAB082217}"
EndProject
Global
	GlobalSection(SolutionConfigurationPlatforms) = preSolution
		Debug|Any CPU = Debug|Any CPU
		Release|Any CPU = Release|Any CPU
	EndGlobalSection
	GlobalSection(ProjectConfigurationPlatforms) = postSolution
		{5B374FB0-CB81-46B1-AF25-75AAAB082217}.Debug|Any CPU.ActiveCfg = Debug|Any CPU
		{5B374FB0-CB81-46B1-AF25-75AAAB082217}.Debug|Any CPU.Build.0 = Debug|Any CPU
		{5B374FB0-CB81-46B1-AF25-75AAAB082217}.Release|Any CPU.ActiveCfg = Release|Any CPU
		{5B374FB0-CB81-46B1-AF25-75AAAB082217}.Release|Any CPU.Build.0 = Release|Any CPU
	EndGlobalSection
	GlobalSection(SolutionProperties) = preSolution
		HideSolutionNode = FALSE
	EndGlobalSection
	GlobalSection(ExtensibilityGlobals) = postSolution
		SolutionGuid = {98B40C2F-6079-4101-856C-F366CB7F1019}
	EndGlobalSection
EndGlobal
